// !$*UTF8*$!
{
	archiveVersion = 1;
	classes = {
	};
	objectVersion = 77;
	objects = {

/* Begin PBXBuildFile section */
		099AEB6D6435BD3BE53AC5F8 /* AlarmView.swift in Sources */ = {isa = PBXBuildFile; fileRef = 199EB40730BDD3A11070ED69 /* AlarmView.swift */; };
		0D16690200072F5519295FDE /* ContentView.swift in Sources */ = {isa = PBXBuildFile; fileRef = C41A0CE3668197663487CE71 /* ContentView.swift */; };
		1530A6E4DC0E3A5D302A3289 /* YOLOLiveActivity.swift in Sources */ = {isa = PBXBuildFile; fileRef = 620B1172DBDCB985BA0B192D /* YOLOLiveActivity.swift */; };
		17AC2370DAB3F2A88C56D2D2 /* SettingsView.swift in Sources */ = {isa = PBXBuildFile; fileRef = 9E78B708BA69D23CA1B4AE33 /* SettingsView.swift */; };
		2BEB75EE257F86E7C72BAB3C /* YOLOWidgetsBundle.swift in Sources */ = {isa = PBXBuildFile; fileRef = 5F3C0FBB678703C58D8ACC83 /* YOLOWidgetsBundle.swift */; };
		3ABE2E0E0D02C91896328456 /* OnboardingView.swift in Sources */ = {isa = PBXBuildFile; fileRef = 1FCDF6AC22296E09FCCD7E3C /* OnboardingView.swift */; };
		4764F13FA55548070AA168C8 /* AlarmSettings.swift in Sources */ = {isa = PBXBuildFile; fileRef = 1A00BE92D1485B9A2872850F /* AlarmSettings.swift */; };
		719A1ABC9C50992634EBD481 /* AppGradient.swift in Sources */ = {isa = PBXBuildFile; fileRef = 9665A969A3041D69DF0B2357 /* AppGradient.swift */; };
		7998065F0F8561A037A40047 /* YOLOActivityAttributes.swift in Sources */ = {isa = PBXBuildFile; fileRef = 67388184290D327DF4202190 /* YOLOActivityAttributes.swift */; };
		7C9EB35BD7C6C9B98D9F43D9 /* yolo-alarm-widgets.appex in Embed Foundation Extensions */ = {isa = PBXBuildFile; fileRef = C3B763A525240E675695EEF3 /* yolo-alarm-widgets.appex */; settings = {ATTRIBUTES = (RemoveHeadersOnCopy, ); }; };
		811E23103498143CC52F85C0 /* CustomSoundManager.swift in Sources */ = {isa = PBXBuildFile; fileRef = D1210B3E6A7ACD598E37BE8B /* CustomSoundManager.swift */; };
		8950AD84AB15745B437BBD6E /* YOLOApp.swift in Sources */ = {isa = PBXBuildFile; fileRef = 3301EBA4FE43C709DC6F01CA /* YOLOApp.swift */; };
		8B4C102301193B2323A0C79C /* soft_bells.mp3 in Resources */ = {isa = PBXBuildFile; fileRef = F83DEEED6146AFBC24A0E0DE /* soft_bells.mp3 */; };
		8DFDC2B043D2CBC301A8D353 /* gentle_chime.mp3 in Resources */ = {isa = PBXBuildFile; fileRef = 167E1F02E2E7814B0C8AC636 /* gentle_chime.mp3 */; };
		912A7AB2DBB83A823CE7AB2C /* AppState.swift in Sources */ = {isa = PBXBuildFile; fileRef = D7FE4C6A4E6FD844824A8519 /* AppState.swift */; };
		A96853DCF5893DD642B53A42 /* SetupView.swift in Sources */ = {isa = PBXBuildFile; fileRef = 23E31E74833149F53797816B /* SetupView.swift */; };
		AA4AEF46898A5D4ABFE8B245 /* YOLOLiveActivityWidget.swift in Sources */ = {isa = PBXBuildFile; fileRef = 68898C605615624FA534CAA4 /* YOLOLiveActivityWidget.swift */; };
		AAD3C374E1FEF2584C87D67D /* Assets.xcassets in Resources */ = {isa = PBXBuildFile; fileRef = 6601E390A303B04CD4CF17BE /* Assets.xcassets */; };
		AAD90DAC1B64DA0D474F4DA4 /* YOLOLogo.swift in Sources */ = {isa = PBXBuildFile; fileRef = E46D733947C3FE5F1F2DEA41 /* YOLOLogo.swift */; };
		AF8F875F67B56F36B58D9F5E /* yolo-logo-white.svg in Resources */ = {isa = PBXBuildFile; fileRef = ACE30BDE1C735E9B187E46F7 /* yolo-logo-white.svg */; };
		B016B554B1FA5D879633CDE8 /* YOLOActivityAttributes.swift in Sources */ = {isa = PBXBuildFile; fileRef = 67388184290D327DF4202190 /* YOLOActivityAttributes.swift */; };
		B77939E82A7A079B93E585DD /* MonitoringView.swift in Sources */ = {isa = PBXBuildFile; fileRef = 0C45EA2221E8D665D144A8F9 /* MonitoringView.swift */; };
		E8EF3F4C291CB2B8A982E71C /* AudioMonitor.swift in Sources */ = {isa = PBXBuildFile; fileRef = 7001B0E502069E2604A24C42 /* AudioMonitor.swift */; };
		FFE37C485DC0D3F85388A677 /* ocean_waves.mp3 in Resources */ = {isa = PBXBuildFile; fileRef = 797B9D25A2BEE8FD51B75A0C /* ocean_waves.mp3 */; };
/* End PBXBuildFile section */

/* Begin PBXContainerItemProxy section */
		66A3A093579AE7F0BEFCC61F /* PBXContainerItemProxy */ = {
			isa = PBXContainerItemProxy;
			containerPortal = B9D6503A7F2E30EFC932A315 /* Project object */;
			proxyType = 1;
			remoteGlobalIDString = 5369BBCFF57FB2838B4E9E68;
			remoteInfo = "yolo-alarm-widgets";
		};
/* End PBXContainerItemProxy section */

/* Begin PBXCopyFilesBuildPhase section */
		1D067DD968C1B7E3576EFF3C /* Embed Foundation Extensions */ = {
			isa = PBXCopyFilesBuildPhase;
			buildActionMask = 2147483647;
			dstPath = "";
			dstSubfolderSpec = 13;
			files = (
				7C9EB35BD7C6C9B98D9F43D9 /* yolo-alarm-widgets.appex in Embed Foundation Extensions */,
			);
			name = "Embed Foundation Extensions";
			runOnlyForDeploymentPostprocessing = 0;
		};
/* End PBXCopyFilesBuildPhase section */

/* Begin PBXFileReference section */
		0C45EA2221E8D665D144A8F9 /* MonitoringView.swift */ = {isa = PBXFileReference; lastKnownFileType = sourcecode.swift; path = MonitoringView.swift; sourceTree = "<group>"; };
		167E1F02E2E7814B0C8AC636 /* gentle_chime.mp3 */ = {isa = PBXFileReference; lastKnownFileType = audio.mp3; path = gentle_chime.mp3; sourceTree = "<group>"; };
		199EB40730BDD3A11070ED69 /* AlarmView.swift */ = {isa = PBXFileReference; lastKnownFileType = sourcecode.swift; path = AlarmView.swift; sourceTree = "<group>"; };
		1A00BE92D1485B9A2872850F /* AlarmSettings.swift */ = {isa = PBXFileReference; lastKnownFileType = sourcecode.swift; path = AlarmSettings.swift; sourceTree = "<group>"; };
		1FCDF6AC22296E09FCCD7E3C /* OnboardingView.swift */ = {isa = PBXFileReference; lastKnownFileType = sourcecode.swift; path = OnboardingView.swift; sourceTree = "<group>"; };
		23E31E74833149F53797816B /* SetupView.swift */ = {isa = PBXFileReference; lastKnownFileType = sourcecode.swift; path = SetupView.swift; sourceTree = "<group>"; };
		3301EBA4FE43C709DC6F01CA /* YOLOApp.swift */ = {isa = PBXFileReference; lastKnownFileType = sourcecode.swift; path = YOLOApp.swift; sourceTree = "<group>"; };
		348EAD78D77E40D01F1B2BF5 /* yolo-alarm.app */ = {isa = PBXFileReference; includeInIndex = 0; lastKnownFileType = wrapper.application; path = "yolo-alarm.app"; sourceTree = BUILT_PRODUCTS_DIR; };
		5C1545C7CD7E02F7F5CA79C5 /* Info.plist */ = {isa = PBXFileReference; lastKnownFileType = text.plist; path = Info.plist; sourceTree = "<group>"; };
		5F3C0FBB678703C58D8ACC83 /* YOLOWidgetsBundle.swift */ = {isa = PBXFileReference; lastKnownFileType = sourcecode.swift; path = YOLOWidgetsBundle.swift; sourceTree = "<group>"; };
		620B1172DBDCB985BA0B192D /* YOLOLiveActivity.swift */ = {isa = PBXFileReference; lastKnownFileType = sourcecode.swift; path = YOLOLiveActivity.swift; sourceTree = "<group>"; };
		6601E390A303B04CD4CF17BE /* Assets.xcassets */ = {isa = PBXFileReference; lastKnownFileType = folder.assetcatalog; path = Assets.xcassets; sourceTree = "<group>"; };
		67388184290D327DF4202190 /* YOLOActivityAttributes.swift */ = {isa = PBXFileReference; lastKnownFileType = sourcecode.swift; path = YOLOActivityAttributes.swift; sourceTree = "<group>"; };
		68898C605615624FA534CAA4 /* YOLOLiveActivityWidget.swift */ = {isa = PBXFileReference; lastKnownFileType = sourcecode.swift; path = YOLOLiveActivityWidget.swift; sourceTree = "<group>"; };
		7001B0E502069E2604A24C42 /* AudioMonitor.swift */ = {isa = PBXFileReference; lastKnownFileType = sourcecode.swift; path = AudioMonitor.swift; sourceTree = "<group>"; };
		797B9D25A2BEE8FD51B75A0C /* ocean_waves.mp3 */ = {isa = PBXFileReference; lastKnownFileType = audio.mp3; path = ocean_waves.mp3; sourceTree = "<group>"; };
		9665A969A3041D69DF0B2357 /* AppGradient.swift */ = {isa = PBXFileReference; lastKnownFileType = sourcecode.swift; path = AppGradient.swift; sourceTree = "<group>"; };
		9E78B708BA69D23CA1B4AE33 /* SettingsView.swift */ = {isa = PBXFileReference; lastKnownFileType = sourcecode.swift; path = SettingsView.swift; sourceTree = "<group>"; };
		ACE30BDE1C735E9B187E46F7 /* yolo-logo-white.svg */ = {isa = PBXFileReference; path = "yolo-logo-white.svg"; sourceTree = "<group>"; };
		C3B763A525240E675695EEF3 /* yolo-alarm-widgets.appex */ = {isa = PBXFileReference; includeInIndex = 0; lastKnownFileType = "wrapper.app-extension"; path = "yolo-alarm-widgets.appex"; sourceTree = BUILT_PRODUCTS_DIR; };
		C41A0CE3668197663487CE71 /* ContentView.swift */ = {isa = PBXFileReference; lastKnownFileType = sourcecode.swift; path = ContentView.swift; sourceTree = "<group>"; };
		D1210B3E6A7ACD598E37BE8B /* CustomSoundManager.swift */ = {isa = PBXFileReference; lastKnownFileType = sourcecode.swift; path = CustomSoundManager.swift; sourceTree = "<group>"; };
		D3FECC7693839B04EB8EE9FD /* yolo-alarm.entitlements */ = {isa = PBXFileReference; lastKnownFileType = text.plist.entitlements; path = "yolo-alarm.entitlements"; sourceTree = "<group>"; };
		D7FE4C6A4E6FD844824A8519 /* AppState.swift */ = {isa = PBXFileReference; lastKnownFileType = sourcecode.swift; path = AppState.swift; sourceTree = "<group>"; };
		E46D733947C3FE5F1F2DEA41 /* YOLOLogo.swift */ = {isa = PBXFileReference; lastKnownFileType = sourcecode.swift; path = YOLOLogo.swift; sourceTree = "<group>"; };
		E5AAB41C142871842D615124 /* Info.plist */ = {isa = PBXFileReference; lastKnownFileType = text.plist; path = Info.plist; sourceTree = "<group>"; };
		F83DEEED6146AFBC24A0E0DE /* soft_bells.mp3 */ = {isa = PBXFileReference; lastKnownFileType = audio.mp3; path = soft_bells.mp3; sourceTree = "<group>"; };
/* End PBXFileReference section */

/* Begin PBXGroup section */
		0375A3F8064F59F71FE20C6B /* Models */ = {
			isa = PBXGroup;
			children = (
				1A00BE92D1485B9A2872850F /* AlarmSettings.swift */,
				D7FE4C6A4E6FD844824A8519 /* AppState.swift */,
				67388184290D327DF4202190 /* YOLOActivityAttributes.swift */,
			);
			path = Models;
			sourceTree = "<group>";
		};
		0745E642A19D3B8262221C4B /* Views */ = {
			isa = PBXGroup;
			children = (
				199EB40730BDD3A11070ED69 /* AlarmView.swift */,
				C41A0CE3668197663487CE71 /* ContentView.swift */,
				0C45EA2221E8D665D144A8F9 /* MonitoringView.swift */,
				1FCDF6AC22296E09FCCD7E3C /* OnboardingView.swift */,
				9E78B708BA69D23CA1B4AE33 /* SettingsView.swift */,
				23E31E74833149F53797816B /* SetupView.swift */,
				B895BB45C62A22F744672603 /* Components */,
			);
			path = Views;
			sourceTree = "<group>";
		};
		1F228748A97F71CDED8226CB /* Products */ = {
			isa = PBXGroup;
			children = (
				C3B763A525240E675695EEF3 /* yolo-alarm-widgets.appex */,
				348EAD78D77E40D01F1B2BF5 /* yolo-alarm.app */,
			);
			name = Products;
			sourceTree = "<group>";
		};
		249995AF9CAA0080A219490A = {
			isa = PBXGroup;
			children = (
				75916C4E93BEBEC631C3DDF1 /* yolo-alarm */,
				AE329D9A36C699D8674C589E /* yolo-alarm-widgets */,
				1F228748A97F71CDED8226CB /* Products */,
			);
			sourceTree = "<group>";
		};
		31FEE85891F180F47E72FBB6 /* App */ = {
			isa = PBXGroup;
			children = (
				3301EBA4FE43C709DC6F01CA /* YOLOApp.swift */,
			);
			path = App;
			sourceTree = "<group>";
		};
		75916C4E93BEBEC631C3DDF1 /* yolo-alarm */ = {
			isa = PBXGroup;
			children = (
				5C1545C7CD7E02F7F5CA79C5 /* Info.plist */,
				D3FECC7693839B04EB8EE9FD /* yolo-alarm.entitlements */,
				31FEE85891F180F47E72FBB6 /* App */,
				0375A3F8064F59F71FE20C6B /* Models */,
				EEDA3867FEF210753AE8F22E /* Resources */,
				F8580187154BC2C384DA3754 /* Services */,
				0745E642A19D3B8262221C4B /* Views */,
			);
			path = "yolo-alarm";
			sourceTree = "<group>";
		};
		7705C5E43EE454D60DF1727F /* Sounds */ = {
			isa = PBXGroup;
			children = (
				167E1F02E2E7814B0C8AC636 /* gentle_chime.mp3 */,
				797B9D25A2BEE8FD51B75A0C /* ocean_waves.mp3 */,
				F83DEEED6146AFBC24A0E0DE /* soft_bells.mp3 */,
			);
			path = Sounds;
			sourceTree = "<group>";
		};
		AE329D9A36C699D8674C589E /* yolo-alarm-widgets */ = {
			isa = PBXGroup;
			children = (
				E5AAB41C142871842D615124 /* Info.plist */,
				68898C605615624FA534CAA4 /* YOLOLiveActivityWidget.swift */,
				5F3C0FBB678703C58D8ACC83 /* YOLOWidgetsBundle.swift */,
			);
			path = "yolo-alarm-widgets";
			sourceTree = "<group>";
		};
		B895BB45C62A22F744672603 /* Components */ = {
			isa = PBXGroup;
			children = (
				9665A969A3041D69DF0B2357 /* AppGradient.swift */,
				E46D733947C3FE5F1F2DEA41 /* YOLOLogo.swift */,
			);
			path = Components;
			sourceTree = "<group>";
		};
		EEDA3867FEF210753AE8F22E /* Resources */ = {
			isa = PBXGroup;
			children = (
				6601E390A303B04CD4CF17BE /* Assets.xcassets */,
				ACE30BDE1C735E9B187E46F7 /* yolo-logo-white.svg */,
				7705C5E43EE454D60DF1727F /* Sounds */,
			);
			path = Resources;
			sourceTree = "<group>";
		};
		F8580187154BC2C384DA3754 /* Services */ = {
			isa = PBXGroup;
			children = (
				7001B0E502069E2604A24C42 /* AudioMonitor.swift */,
				D1210B3E6A7ACD598E37BE8B /* CustomSoundManager.swift */,
				620B1172DBDCB985BA0B192D /* YOLOLiveActivity.swift */,
			);
			path = Services;
			sourceTree = "<group>";
		};
/* End PBXGroup section */

/* Begin PBXNativeTarget section */
		5369BBCFF57FB2838B4E9E68 /* yolo-alarm-widgets */ = {
			isa = PBXNativeTarget;
			buildConfigurationList = EDC388ED26495E03E86CF282 /* Build configuration list for PBXNativeTarget "yolo-alarm-widgets" */;
			buildPhases = (
				0FCF2060A69FDFE3523CA7F4 /* Sources */,
			);
			buildRules = (
			);
			dependencies = (
			);
			name = "yolo-alarm-widgets";
			packageProductDependencies = (
			);
			productName = "yolo-alarm-widgets";
			productReference = C3B763A525240E675695EEF3 /* yolo-alarm-widgets.appex */;
			productType = "com.apple.product-type.app-extension";
		};
		8AB0579C621C459AE68954D5 /* yolo-alarm */ = {
			isa = PBXNativeTarget;
			buildConfigurationList = 88A0936826A22584E0AC8DC2 /* Build configuration list for PBXNativeTarget "yolo-alarm" */;
			buildPhases = (
				71EE5B0D2E9977066EE83FE5 /* Sources */,
				2843F027D64DABFF2E4D6DD7 /* Resources */,
				1D067DD968C1B7E3576EFF3C /* Embed Foundation Extensions */,
			);
			buildRules = (
			);
			dependencies = (
				B4D82E598F620DDD7F6400E5 /* PBXTargetDependency */,
			);
			name = "yolo-alarm";
			packageProductDependencies = (
			);
			productName = "yolo-alarm";
			productReference = 348EAD78D77E40D01F1B2BF5 /* yolo-alarm.app */;
			productType = "com.apple.product-type.application";
		};
/* End PBXNativeTarget section */

/* Begin PBXProject section */
		B9D6503A7F2E30EFC932A315 /* Project object */ = {
			isa = PBXProject;
			attributes = {
				BuildIndependentTargetsInParallel = YES;
				LastUpgradeCheck = 1500;
				TargetAttributes = {
					5369BBCFF57FB2838B4E9E68 = {
						DevelopmentTeam = 86CCQ2AT2P;
						ProvisioningStyle = Automatic;
					};
					8AB0579C621C459AE68954D5 = {
						DevelopmentTeam = 86CCQ2AT2P;
					};
				};
			};
			buildConfigurationList = EA0E66C3EDB2180E3889FC11 /* Build configuration list for PBXProject "yolo-alarm" */;
			compatibilityVersion = "Xcode 14.0";
			developmentRegion = en;
			hasScannedForEncodings = 0;
			knownRegions = (
				Base,
				en,
			);
			mainGroup = 249995AF9CAA0080A219490A;
			minimizedProjectReferenceProxies = 1;
			preferredProjectObjectVersion = 77;
			projectDirPath = "";
			projectRoot = "";
			targets = (
				8AB0579C621C459AE68954D5 /* yolo-alarm */,
				5369BBCFF57FB2838B4E9E68 /* yolo-alarm-widgets */,
			);
		};
/* End PBXProject section */

/* Begin PBXResourcesBuildPhase section */
		2843F027D64DABFF2E4D6DD7 /* Resources */ = {
			isa = PBXResourcesBuildPhase;
			buildActionMask = 2147483647;
			files = (
				AAD3C374E1FEF2584C87D67D /* Assets.xcassets in Resources */,
				8DFDC2B043D2CBC301A8D353 /* gentle_chime.mp3 in Resources */,
				FFE37C485DC0D3F85388A677 /* ocean_waves.mp3 in Resources */,
				8B4C102301193B2323A0C79C /* soft_bells.mp3 in Resources */,
				AF8F875F67B56F36B58D9F5E /* yolo-logo-white.svg in Resources */,
			);
			runOnlyForDeploymentPostprocessing = 0;
		};
/* End PBXResourcesBuildPhase section */

/* Begin PBXSourcesBuildPhase section */
		0FCF2060A69FDFE3523CA7F4 /* Sources */ = {
			isa = PBXSourcesBuildPhase;
			buildActionMask = 2147483647;
			files = (
				7998065F0F8561A037A40047 /* YOLOActivityAttributes.swift in Sources */,
				AA4AEF46898A5D4ABFE8B245 /* YOLOLiveActivityWidget.swift in Sources */,
				2BEB75EE257F86E7C72BAB3C /* YOLOWidgetsBundle.swift in Sources */,
			);
			runOnlyForDeploymentPostprocessing = 0;
		};
		71EE5B0D2E9977066EE83FE5 /* Sources */ = {
			isa = PBXSourcesBuildPhase;
			buildActionMask = 2147483647;
			files = (
				4764F13FA55548070AA168C8 /* AlarmSettings.swift in Sources */,
				099AEB6D6435BD3BE53AC5F8 /* AlarmView.swift in Sources */,
				719A1ABC9C50992634EBD481 /* AppGradient.swift in Sources */,
				912A7AB2DBB83A823CE7AB2C /* AppState.swift in Sources */,
				E8EF3F4C291CB2B8A982E71C /* AudioMonitor.swift in Sources */,
				0D16690200072F5519295FDE /* ContentView.swift in Sources */,
				811E23103498143CC52F85C0 /* CustomSoundManager.swift in Sources */,
				B77939E82A7A079B93E585DD /* MonitoringView.swift in Sources */,
				3ABE2E0E0D02C91896328456 /* OnboardingView.swift in Sources */,
				17AC2370DAB3F2A88C56D2D2 /* SettingsView.swift in Sources */,
				A96853DCF5893DD642B53A42 /* SetupView.swift in Sources */,
				B016B554B1FA5D879633CDE8 /* YOLOActivityAttributes.swift in Sources */,
				8950AD84AB15745B437BBD6E /* YOLOApp.swift in Sources */,
				1530A6E4DC0E3A5D302A3289 /* YOLOLiveActivity.swift in Sources */,
				AAD90DAC1B64DA0D474F4DA4 /* YOLOLogo.swift in Sources */,
			);
			runOnlyForDeploymentPostprocessing = 0;
		};
/* End PBXSourcesBuildPhase section */

/* Begin PBXTargetDependency section */
		B4D82E598F620DDD7F6400E5 /* PBXTargetDependency */ = {
			isa = PBXTargetDependency;
			target = 5369BBCFF57FB2838B4E9E68 /* yolo-alarm-widgets */;
			targetProxy = 66A3A093579AE7F0BEFCC61F /* PBXContainerItemProxy */;
		};
/* End PBXTargetDependency section */

/* Begin XCBuildConfiguration section */
		09EC86364308D55DE78419A1 /* Release */ = {
			isa = XCBuildConfiguration;
			buildSettings = {
				CODE_SIGN_STYLE = Automatic;
				INFOPLIST_FILE = "yolo-alarm-widgets/Info.plist";
				LD_RUNPATH_SEARCH_PATHS = "$(inherited) @executable_path/Frameworks @executable_path/../../Frameworks";
				PRODUCT_BUNDLE_IDENTIFIER = com.yoloalarm.app.widgets;
				SDKROOT = iphoneos;
				SKIP_INSTALL = YES;
				TARGETED_DEVICE_FAMILY = "1,2";
			};
			name = Release;
		};
		17A56DDC1E3ABA85BF7F141B /* Debug */ = {
			isa = XCBuildConfiguration;
			buildSettings = {
				ASSETCATALOG_COMPILER_APPICON_NAME = AppIcon;
				CODE_SIGN_ENTITLEMENTS = "yolo-alarm/yolo-alarm.entitlements";
				CODE_SIGN_IDENTITY = "iPhone Developer";
				ENABLE_PREVIEWS = YES;
				INFOPLIST_FILE = "yolo-alarm/Info.plist";
				LD_RUNPATH_SEARCH_PATHS = (
					"$(inherited)",
					"@executable_path/Frameworks",
				);
				PRODUCT_BUNDLE_IDENTIFIER = com.yoloalarm.app;
				SDKROOT = iphoneos;
				SUPPORTS_LIVE_ACTIVITIES = YES;
				TARGETED_DEVICE_FAMILY = "1,2";
			};
			name = Debug;
		};
		4F7FFC5C2E13FB6ACCCE9739 /* Release */ = {
			isa = XCBuildConfiguration;
			buildSettings = {
				ALWAYS_SEARCH_USER_PATHS = NO;
				CLANG_ANALYZER_NONNULL = YES;
				CLANG_ANALYZER_NUMBER_OBJECT_CONVERSION = YES_AGGRESSIVE;
				CLANG_CXX_LANGUAGE_STANDARD = "gnu++14";
				CLANG_CXX_LIBRARY = "libc++";
				CLANG_ENABLE_MODULES = YES;
				CLANG_ENABLE_OBJC_ARC = YES;
				CLANG_ENABLE_OBJC_WEAK = YES;
				CLANG_WARN_BLOCK_CAPTURE_AUTORELEASING = YES;
				CLANG_WARN_BOOL_CONVERSION = YES;
				CLANG_WARN_COMMA = YES;
				CLANG_WARN_CONSTANT_CONVERSION = YES;
				CLANG_WARN_DEPRECATED_OBJC_IMPLEMENTATIONS = YES;
				CLANG_WARN_DIRECT_OBJC_ISA_USAGE = YES_ERROR;
				CLANG_WARN_DOCUMENTATION_COMMENTS = YES;
				CLANG_WARN_EMPTY_BODY = YES;
				CLANG_WARN_ENUM_CONVERSION = YES;
				CLANG_WARN_INFINITE_RECURSION = YES;
				CLANG_WARN_INT_CONVERSION = YES;
				CLANG_WARN_NON_LITERAL_NULL_CONVERSION = YES;
				CLANG_WARN_OBJC_IMPLICIT_RETAIN_SELF = YES;
				CLANG_WARN_OBJC_LITERAL_CONVERSION = YES;
				CLANG_WARN_OBJC_ROOT_CLASS = YES_ERROR;
				CLANG_WARN_QUOTED_INCLUDE_IN_FRAMEWORK_HEADER = YES;
				CLANG_WARN_RANGE_LOOP_ANALYSIS = YES;
				CLANG_WARN_STRICT_PROTOTYPES = YES;
				CLANG_WARN_SUSPICIOUS_MOVE = YES;
				CLANG_WARN_UNGUARDED_AVAILABILITY = YES_AGGRESSIVE;
				CLANG_WARN_UNREACHABLE_CODE = YES;
				CLANG_WARN__DUPLICATE_METHOD_MATCH = YES;
				COPY_PHASE_STRIP = NO;
				CURRENT_PROJECT_VERSION = 1;
				DEBUG_INFORMATION_FORMAT = "dwarf-with-dsym";
				DEVELOPMENT_TEAM = 86CCQ2AT2P;
				ENABLE_NS_ASSERTIONS = NO;
				ENABLE_STRICT_OBJC_MSGSEND = YES;
				GCC_C_LANGUAGE_STANDARD = gnu11;
				GCC_NO_COMMON_BLOCKS = YES;
				GCC_WARN_64_TO_32_BIT_CONVERSION = YES;
				GCC_WARN_ABOUT_RETURN_TYPE = YES_ERROR;
				GCC_WARN_UNDECLARED_SELECTOR = YES;
				GCC_WARN_UNINITIALIZED_AUTOS = YES_AGGRESSIVE;
				GCC_WARN_UNUSED_FUNCTION = YES;
				GCC_WARN_UNUSED_VARIABLE = YES;
				IPHONEOS_DEPLOYMENT_TARGET = 17.0;
				MARKETING_VERSION = 1.0.1;
				MTL_ENABLE_DEBUG_INFO = NO;
				MTL_FAST_MATH = YES;
				PRODUCT_NAME = "$(TARGET_NAME)";
				SDKROOT = iphoneos;
				SWIFT_COMPILATION_MODE = wholemodule;
				SWIFT_OPTIMIZATION_LEVEL = "-O";
				SWIFT_VERSION = 5.0;
			};
			name = Release;
		};
		62477B6B034AA1DC9FCEF174 /* Debug */ = {
			isa = XCBuildConfiguration;
			buildSettings = {
				CODE_SIGN_STYLE = Automatic;
				INFOPLIST_FILE = "yolo-alarm-widgets/Info.plist";
				LD_RUNPATH_SEARCH_PATHS = "$(inherited) @executable_path/Frameworks @executable_path/../../Frameworks";
				PRODUCT_BUNDLE_IDENTIFIER = com.yoloalarm.app.widgets;
				SDKROOT = iphoneos;
				SKIP_INSTALL = YES;
				TARGETED_DEVICE_FAMILY = "1,2";
			};
			name = Debug;
		};
		6A8C7038E6CA0942934FC6F5 /* Debug */ = {
			isa = XCBuildConfiguration;
			buildSettings = {
				ALWAYS_SEARCH_USER_PATHS = NO;
				CLANG_ANALYZER_NONNULL = YES;
				CLANG_ANALYZER_NUMBER_OBJECT_CONVERSION = YES_AGGRESSIVE;
				CLANG_CXX_LANGUAGE_STANDARD = "gnu++14";
				CLANG_CXX_LIBRARY = "libc++";
				CLANG_ENABLE_MODULES = YES;
				CLANG_ENABLE_OBJC_ARC = YES;
				CLANG_ENABLE_OBJC_WEAK = YES;
				CLANG_WARN_BLOCK_CAPTURE_AUTORELEASING = YES;
				CLANG_WARN_BOOL_CONVERSION = YES;
				CLANG_WARN_COMMA = YES;
				CLANG_WARN_CONSTANT_CONVERSION = YES;
				CLANG_WARN_DEPRECATED_OBJC_IMPLEMENTATIONS = YES;
				CLANG_WARN_DIRECT_OBJC_ISA_USAGE = YES_ERROR;
				CLANG_WARN_DOCUMENTATION_COMMENTS = YES;
				CLANG_WARN_EMPTY_BODY = YES;
				CLANG_WARN_ENUM_CONVERSION = YES;
				CLANG_WARN_INFINITE_RECURSION = YES;
				CLANG_WARN_INT_CONVERSION = YES;
				CLANG_WARN_NON_LITERAL_NULL_CONVERSION = YES;
				CLANG_WARN_OBJC_IMPLICIT_RETAIN_SELF = YES;
				CLANG_WARN_OBJC_LITERAL_CONVERSION = YES;
				CLANG_WARN_OBJC_ROOT_CLASS = YES_ERROR;
				CLANG_WARN_QUOTED_INCLUDE_IN_FRAMEWORK_HEADER = YES;
				CLANG_WARN_RANGE_LOOP_ANALYSIS = YES;
				CLANG_WARN_STRICT_PROTOTYPES = YES;
				CLANG_WARN_SUSPICIOUS_MOVE = YES;
				CLANG_WARN_UNGUARDED_AVAILABILITY = YES_AGGRESSIVE;
				CLANG_WARN_UNREACHABLE_CODE = YES;
				CLANG_WARN__DUPLICATE_METHOD_MATCH = YES;
				COPY_PHASE_STRIP = NO;
				CURRENT_PROJECT_VERSION = 1;
				DEBUG_INFORMATION_FORMAT = dwarf;
				DEVELOPMENT_TEAM = 86CCQ2AT2P;
				ENABLE_STRICT_OBJC_MSGSEND = YES;
				ENABLE_TESTABILITY = YES;
				GCC_C_LANGUAGE_STANDARD = gnu11;
				GCC_DYNAMIC_NO_PIC = NO;
				GCC_NO_COMMON_BLOCKS = YES;
				GCC_OPTIMIZATION_LEVEL = 0;
				GCC_PREPROCESSOR_DEFINITIONS = (
					"$(inherited)",
					"DEBUG=1",
				);
				GCC_WARN_64_TO_32_BIT_CONVERSION = YES;
				GCC_WARN_ABOUT_RETURN_TYPE = YES_ERROR;
				GCC_WARN_UNDECLARED_SELECTOR = YES;
				GCC_WARN_UNINITIALIZED_AUTOS = YES_AGGRESSIVE;
				GCC_WARN_UNUSED_FUNCTION = YES;
				GCC_WARN_UNUSED_VARIABLE = YES;
				IPHONEOS_DEPLOYMENT_TARGET = 17.0;
				MARKETING_VERSION = 1.0.1;
				MTL_ENABLE_DEBUG_INFO = INCLUDE_SOURCE;
				MTL_FAST_MATH = YES;
				ONLY_ACTIVE_ARCH = YES;
				PRODUCT_NAME = "$(TARGET_NAME)";
				SDKROOT = iphoneos;
				SWIFT_ACTIVE_COMPILATION_CONDITIONS = DEBUG;
				SWIFT_OPTIMIZATION_LEVEL = "-Onone";
				SWIFT_VERSION = 5.0;
			};
			name = Debug;
		};
		77749DF05E96088F62F9F760 /* Release */ = {
			isa = XCBuildConfiguration;
			buildSettings = {
				ASSETCATALOG_COMPILER_APPICON_NAME = AppIcon;
				CODE_SIGN_ENTITLEMENTS = "yolo-alarm/yolo-alarm.entitlements";
				CODE_SIGN_IDENTITY = "iPhone Developer";
				ENABLE_PREVIEWS = YES;
				INFOPLIST_FILE = "yolo-alarm/Info.plist";
				LD_RUNPATH_SEARCH_PATHS = (
					"$(inherited)",
					"@executable_path/Frameworks",
				);
				PRODUCT_BUNDLE_IDENTIFIER = com.yoloalarm.app;
				SDKROOT = iphoneos;
				SUPPORTS_LIVE_ACTIVITIES = YES;
				TARGETED_DEVICE_FAMILY = "1,2";
			};
			name = Release;
		};
/* End XCBuildConfiguration section */

/* Begin XCConfigurationList section */
		88A0936826A22584E0AC8DC2 /* Build configuration list for PBXNativeTarget "yolo-alarm" */ = {
			isa = XCConfigurationList;
			buildConfigurations = (
				17A56DDC1E3ABA85BF7F141B /* Debug */,
				77749DF05E96088F62F9F760 /* Release */,
			);
			defaultConfigurationIsVisible = 0;
			defaultConfigurationName = Debug;
		};
		EA0E66C3EDB2180E3889FC11 /* Build configuration list for PBXProject "yolo-alarm" */ = {
			isa = XCConfigurationList;
			buildConfigurations = (
				6A8C7038E6CA0942934FC6F5 /* Debug */,
				4F7FFC5C2E13FB6ACCCE9739 /* Release */,
			);
			defaultConfigurationIsVisible = 0;
			defaultConfigurationName = Debug;
		};
		EDC388ED26495E03E86CF282 /* Build configuration list for PBXNativeTarget "yolo-alarm-widgets" */ = {
			isa = XCConfigurationList;
			buildConfigurations = (
				62477B6B034AA1DC9FCEF174 /* Debug */,
				09EC86364308D55DE78419A1 /* Release */,
			);
			defaultConfigurationIsVisible = 0;
			defaultConfigurationName = Debug;
		};
/* End XCConfigurationList section */
	};
	rootObject = B9D6503A7F2E30EFC932A315 /* Project object */;
}
